
Microsoft Visual Studio Solution File, Format Version 12.00
# Visual Studio Version 16
VisualStudioVersion = 16.0.29920.165
MinimumVisualStudioVersion = 10.0.40219.1
Project("{FAE04EC0-301F-11D3-BF4B-00C04F79EFBC}") = "Country", "Becomex\Country.csproj", "{758C8054-3581-46A5-BAED-462C4BC6165C}"
EndProject
Global
	GlobalSection(SolutionConfigurationPlatforms) = preSolution
		Debug|Any CPU = Debug|Any CPU
		Release|Any CPU = Release|Any CPU
	EndGlobalSection
	GlobalSection(ProjectConfigurationPlatforms) = postSolution
		{758C8054-3581-46A5-BAED-462C4BC6165C}.Debug|Any CPU.ActiveCfg = Debug|Any CPU
		{758C8054-3581-46A5-BAED-462C4BC6165C}.Debug|Any CPU.Build.0 = Debug|Any CPU
		{758C8054-3581-46A5-BAED-462C4BC6165C}.Release|Any CPU.ActiveCfg = Release|Any CPU
		{758C8054-3581-46A5-BAED-462C4BC6165C}.Release|Any CPU.Build.0 = Release|Any CPU
	EndGlobalSection
	GlobalSection(SolutionProperties) = preSolution
		HideSolutionNode = FALSE
	EndGlobalSection
	GlobalSection(ExtensibilityGlobals) = postSolution
		SolutionGuid = {055C9D8D-0FF9-4859-BF04-D0C0C95363FA}
	EndGlobalSection
EndGlobal
